# THIS IS AN AUTOGENERATED FILE. DO NOT EDIT THIS FILE DIRECTLY.
# yarn lockfile v1


react-loading-skeleton@^3.4.0:
  version "3.4.0"
  resolved "https://registry.yarnpkg.com/react-loading-skeleton/-/react-loading-skeleton-3.4.0.tgz#c71a3a17259d08e4064974aa0b07f150a09dfd57"
  integrity sha512-1oJEBc9+wn7BbkQQk7YodlYEIjgeR+GrRjD+QXkVjwZN7LGIcAFHrx4NhT7UHGBxNY1+zax3c+Fo6XQM4R7CgA==
